
Microsoft Visual Studio Solution File, Format Version 12.00
# Visual Studio Version 17
VisualStudioVersion = 17.3.32929.385
MinimumVisualStudioVersion = 10.0.40219.1
Project("{9A19103F-16F7-4668-BE54-9A1E7A4F7556}") = "BudgetTrackerApi", "BudgetTrackerApi.csproj", "{B51674FC-7309-4C4A-A949-2F999BCFBBD7}"
EndProject
Global
	GlobalSection(SolutionConfigurationPlatforms) = preSolution
		Debug|Any CPU = Debug|Any CPU
		Release|Any CPU = Release|Any CPU
	EndGlobalSection
	GlobalSection(ProjectConfigurationPlatforms) = postSolution
		{B51674FC-7309-4C4A-A949-2F999BCFBBD7}.Debug|Any CPU.ActiveCfg = Debug|Any CPU
		{B51674FC-7309-4C4A-A949-2F999BCFBBD7}.Debug|Any CPU.Build.0 = Debug|Any CPU
		{B51674FC-7309-4C4A-A949-2F999BCFBBD7}.Release|Any CPU.ActiveCfg = Release|Any CPU
		{B51674FC-7309-4C4A-A949-2F999BCFBBD7}.Release|Any CPU.Build.0 = Release|Any CPU
	EndGlobalSection
	GlobalSection(SolutionProperties) = preSolution
		HideSolutionNode = FALSE
	EndGlobalSection
	GlobalSection(ExtensibilityGlobals) = postSolution
		SolutionGuid = {597AF69B-7E3F-495D-AFC0-39D83CDDFCC4}
	EndGlobalSection
EndGlobal
